
Microsoft Visual Studio Solution File, Format Version 12.00
# Visual Studio Version 17
VisualStudioVersion = 17.7.34024.191
MinimumVisualStudioVersion = 10.0.40219.1
Project("{FAE04EC0-301F-11D3-BF4B-00C04F79EFBC}") = "UESAN.Store.API", "UESAN.Store.API\UESAN.Store.API.csproj", "{EF16918D-8E10-43E8-B6FB-15C2ECE9B7F8}"
EndProject
Project("{FAE04EC0-301F-11D3-BF4B-00C04F79EFBC}") = "UESAN.Store.INFRASTUCTURE", "UESAN.Store.INFRASTUCTURE\UESAN.Store.INFRASTUCTURE.csproj", "{CA32A999-D9C8-4C47-8784-C73B2A62D7C1}"
EndProject
Project("{FAE04EC0-301F-11D3-BF4B-00C04F79EFBC}") = "UESAN.STORE.CORE", "UESAN.STORE.CORE\UESAN.STORE.CORE.csproj", "{E68EC63A-2A0B-4D00-9AE1-05ABFB3E521F}"
EndProject
Global
	GlobalSection(SolutionConfigurationPlatforms) = preSolution
		Debug|Any CPU = Debug|Any CPU
		Release|Any CPU = Release|Any CPU
	EndGlobalSection
	GlobalSection(ProjectConfigurationPlatforms) = postSolution
		{EF16918D-8E10-43E8-B6FB-15C2ECE9B7F8}.Debug|Any CPU.ActiveCfg = Debug|Any CPU
		{EF16918D-8E10-43E8-B6FB-15C2ECE9B7F8}.Debug|Any CPU.Build.0 = Debug|Any CPU
		{EF16918D-8E10-43E8-B6FB-15C2ECE9B7F8}.Release|Any CPU.ActiveCfg = Release|Any CPU
		{EF16918D-8E10-43E8-B6FB-15C2ECE9B7F8}.Release|Any CPU.Build.0 = Release|Any CPU
		{CA32A999-D9C8-4C47-8784-C73B2A62D7C1}.Debug|Any CPU.ActiveCfg = Debug|Any CPU
		{CA32A999-D9C8-4C47-8784-C73B2A62D7C1}.Debug|Any CPU.Build.0 = Debug|Any CPU
		{CA32A999-D9C8-4C47-8784-C73B2A62D7C1}.Release|Any CPU.ActiveCfg = Release|Any CPU
		{CA32A999-D9C8-4C47-8784-C73B2A62D7C1}.Release|Any CPU.Build.0 = Release|Any CPU
		{E68EC63A-2A0B-4D00-9AE1-05ABFB3E521F}.Debug|Any CPU.ActiveCfg = Debug|Any CPU
		{E68EC63A-2A0B-4D00-9AE1-05ABFB3E521F}.Debug|Any CPU.Build.0 = Debug|Any CPU
		{E68EC63A-2A0B-4D00-9AE1-05ABFB3E521F}.Release|Any CPU.ActiveCfg = Release|Any CPU
		{E68EC63A-2A0B-4D00-9AE1-05ABFB3E521F}.Release|Any CPU.Build.0 = Release|Any CPU
	EndGlobalSection
	GlobalSection(SolutionProperties) = preSolution
		HideSolutionNode = FALSE
	EndGlobalSection
	GlobalSection(ExtensibilityGlobals) = postSolution
		SolutionGuid = {3A025D1B-E24A-4795-B8DB-9A35A2475E44}
	EndGlobalSection
EndGlobal
